<<<<<<< HEAD
Microsoft Visual Studio Solution File, Format Version 12.00
# Visual Studio Version 17
VisualStudioVersion = 17.5.2.0
MinimumVisualStudioVersion = 10.0.40219.1
Project("{FAE04EC0-301F-11D3-BF4B-00C04F79EFBC}") = "PawfeedsProvisioner", "PawfeedsProvisioner.csproj", "{5E0CB11B-9C29-98DA-6003-ABA86FC61820}"
EndProject
Global
	GlobalSection(SolutionConfigurationPlatforms) = preSolution
		Debug|Any CPU = Debug|Any CPU
		Release|Any CPU = Release|Any CPU
	EndGlobalSection
	GlobalSection(ProjectConfigurationPlatforms) = postSolution
		{5E0CB11B-9C29-98DA-6003-ABA86FC61820}.Debug|Any CPU.ActiveCfg = Debug|Any CPU
		{5E0CB11B-9C29-98DA-6003-ABA86FC61820}.Debug|Any CPU.Build.0 = Debug|Any CPU
		{5E0CB11B-9C29-98DA-6003-ABA86FC61820}.Release|Any CPU.ActiveCfg = Release|Any CPU
		{5E0CB11B-9C29-98DA-6003-ABA86FC61820}.Release|Any CPU.Build.0 = Release|Any CPU
	EndGlobalSection
	GlobalSection(SolutionProperties) = preSolution
		HideSolutionNode = FALSE
	EndGlobalSection
	GlobalSection(ExtensibilityGlobals) = postSolution
		SolutionGuid = {085B6D66-0885-4E48-99FB-F55F80E6B6A5}
	EndGlobalSection
EndGlobal
=======
Microsoft Visual Studio Solution File, Format Version 12.00
# Visual Studio Version 17
VisualStudioVersion = 17.5.2.0
MinimumVisualStudioVersion = 10.0.40219.1
Project("{FAE04EC0-301F-11D3-BF4B-00C04F79EFBC}") = "PawfeedsProvisioner", "PawfeedsProvisioner.csproj", "{5E0CB11B-9C29-98DA-6003-ABA86FC61820}"
EndProject
Global
	GlobalSection(SolutionConfigurationPlatforms) = preSolution
		Debug|Any CPU = Debug|Any CPU
		Release|Any CPU = Release|Any CPU
	EndGlobalSection
	GlobalSection(ProjectConfigurationPlatforms) = postSolution
		{5E0CB11B-9C29-98DA-6003-ABA86FC61820}.Debug|Any CPU.ActiveCfg = Debug|Any CPU
		{5E0CB11B-9C29-98DA-6003-ABA86FC61820}.Debug|Any CPU.Build.0 = Debug|Any CPU
		{5E0CB11B-9C29-98DA-6003-ABA86FC61820}.Release|Any CPU.ActiveCfg = Release|Any CPU
		{5E0CB11B-9C29-98DA-6003-ABA86FC61820}.Release|Any CPU.Build.0 = Release|Any CPU
	EndGlobalSection
	GlobalSection(SolutionProperties) = preSolution
		HideSolutionNode = FALSE
	EndGlobalSection
	GlobalSection(ExtensibilityGlobals) = postSolution
		SolutionGuid = {085B6D66-0885-4E48-99FB-F55F80E6B6A5}
	EndGlobalSection
EndGlobal
>>>>>>> c44f57a (Initial commit without bin and obj)
